{
  "nodes": {
    "nixpkgs": {
      "locked": {
        "lastModified": 1616609325,
        "narHash": "sha256-Nvs76zdFSJvG5zJQla6PvXGxlRdC3xOqwpoG+aS8L7o=",
        "owner": "NixOS",
        "repo": "nixpkgs",
        "rev": "9606c663324d64b89b099c1114646e4f08a566ad",
        "type": "github"
      },
      "original": {
        "owner": "NixOS",
        "ref": "nixos-20.09",
        "repo": "nixpkgs",
        "type": "github"
      }
    },
    "root": {
      "inputs": {
        "nixpkgs": "nixpkgs"
      }
    }
  },
  "root": "root",
  "version": 7
}
