{
  "nodes": {
    "helsinki": {
      "locked": {
        "lastModified": 1650137866,
        "narHash": "sha256-nhmWsNB2f7yRgUPD6VuIxXXghnqcTDFy/3beazJgxP4=",
        "owner": "helsinki-systems",
        "repo": "nixpkgs",
        "rev": "76f39038a26ced714d1a3deac08f7e485b4a1b72",
        "type": "github"
      },
      "original": {
        "owner": "helsinki-systems",
        "ref": "feat/systemd-stage-1-luks",
        "repo": "nixpkgs",
        "type": "github"
      }
    },
    "nixlib": {
      "locked": {
        "lastModified": 1636849918,
        "narHash": "sha256-nzUK6dPcTmNVrgTAC1EOybSMsrcx+QrVPyqRdyKLkjA=",
        "owner": "nix-community",
        "repo": "nixpkgs.lib",
        "rev": "28a5b0557f14124608db68d3ee1f77e9329e9dd5",
        "type": "github"
      },
      "original": {
        "owner": "nix-community",
        "repo": "nixpkgs.lib",
        "type": "github"
      }
    },
    "nixos-generators": {
      "inputs": {
        "nixlib": "nixlib",
        "nixpkgs": [
          "unstable"
        ]
      },
      "locked": {
        "lastModified": 1649849466,
        "narHash": "sha256-b+yl0uRd0KHB9X6TkL+6zOXUfLd7QDNnyqbL0G5WZsU=",
        "owner": "nix-community",
        "repo": "nixos-generators",
        "rev": "adeb359baddfa336a59824237a6067dd9f59c51b",
        "type": "github"
      },
      "original": {
        "owner": "nix-community",
        "repo": "nixos-generators",
        "type": "github"
      }
    },
    "nixos-hardware": {
      "locked": {
        "lastModified": 1649849514,
        "narHash": "sha256-zQyTr2UebTKUh1KLyLtevhHsM8umPK1LfQLGUGjRjiQ=",
        "owner": "NixOS",
        "repo": "nixos-hardware",
        "rev": "1a0ccdbf4583ed0fce37eea7955e8ef90f840a9f",
        "type": "github"
      },
      "original": {
        "owner": "NixOS",
        "repo": "nixos-hardware",
        "type": "github"
      }
    },
    "nixpkgs": {
      "locked": {
        "lastModified": 1632728069,
        "narHash": "sha256-p1J1K7vM/ELIb5M7gP74aqnvlrm8AjQR+z+Bc6W32E8=",
        "owner": "NixOS",
        "repo": "nixpkgs",
        "rev": "92357f5e0b89f314c0edab52f04d9d9610b98155",
        "type": "github"
      },
      "original": {
        "id": "nixpkgs",
        "type": "indirect"
      }
    },
    "root": {
      "inputs": {
        "helsinki": "helsinki",
        "nixos-generators": "nixos-generators",
        "nixos-hardware": "nixos-hardware",
        "stable": "stable",
        "unstable": "unstable",
        "webauthn": "webauthn"
      }
    },
    "stable": {
      "locked": {
        "lastModified": 1645296114,
        "narHash": "sha256-y53N7TyIkXsjMpOG7RhvqJFGDacLs9HlyHeSTBioqYU=",
        "owner": "NixOS",
        "repo": "nixpkgs",
        "rev": "530a53dcbc9437363471167a5e4762c5fcfa34a1",
        "type": "github"
      },
      "original": {
        "owner": "NixOS",
        "ref": "nixos-21.05",
        "repo": "nixpkgs",
        "type": "github"
      }
    },
    "unstable": {
      "locked": {
        "lastModified": 1650109093,
        "narHash": "sha256-tqlnKrAdJktRLXTou9le0oTqrYBAFpGscV5RADdpArU=",
        "owner": "NixOS",
        "repo": "nixpkgs",
        "rev": "faad370edcb37162401be50d45526f52bb16a713",
        "type": "github"
      },
      "original": {
        "owner": "NixOS",
        "ref": "nixpkgs-unstable",
        "repo": "nixpkgs",
        "type": "github"
      }
    },
    "utils": {
      "locked": {
        "lastModified": 1631561581,
        "narHash": "sha256-3VQMV5zvxaVLvqqUrNz3iJelLw30mIVSfZmAaauM3dA=",
        "owner": "numtide",
        "repo": "flake-utils",
        "rev": "7e5bf3925f6fbdfaf50a2a7ca0be2879c4261d19",
        "type": "github"
      },
      "original": {
        "owner": "numtide",
        "repo": "flake-utils",
        "type": "github"
      }
    },
    "webauthn": {
      "inputs": {
        "nixpkgs": "nixpkgs",
        "utils": "utils"
      },
      "locked": {
        "lastModified": 1649154331,
        "narHash": "sha256-eRFw7zVWnvTHx1ONUQXSyQSFFonHpk/xSTnwZhOTVKc=",
        "owner": "arianvp",
        "repo": "webauthn-oidc",
        "rev": "3c3c3516465bf1467e5f71e0081881da2f34748b",
        "type": "github"
      },
      "original": {
        "owner": "arianvp",
        "repo": "webauthn-oidc",
        "type": "github"
      }
    }
  },
  "root": "root",
  "version": 7
}
